<Solution>
  <Folder Name="/src/">
    <Project Path="src/ReveilMusical.Application/ReveilMusical.Application.csproj" />
    <Project Path="src/ReveilMusical.Domain/ReveilMusical.Domain.csproj" />
    <Project Path="src/ReveilMusical.Infrastructure/ReveilMusical.Infrastructure.csproj" />
  </Folder>
  <Folder Name="/tests/">
    <Project Path="tests/ReveilMusical.Application.Tests/ReveilMusical.Application.Tests.csproj" />
    <Project Path="tests/ReveilMusical.Domain.Tests/ReveilMusical.Domain.Tests.csproj" />
    <Project Path="tests/ReveilMusical.Infrastructure.Tests/ReveilMusical.Infrastructure.Tests.csproj" />
  </Folder>
</Solution>
